
Microsoft Visual Studio Solution File, Format Version 12.00
# Visual Studio Version 16
VisualStudioVersion = 16.0.32407.337
MinimumVisualStudioVersion = 10.0.40219.1
Project("{2150E333-8FDC-42A3-9474-1A3956D46DE8}") = "Src", "Src", "{DAE4CB11-7BE6-4F49-A995-2AB842C98050}"
EndProject
Project("{2150E333-8FDC-42A3-9474-1A3956D46DE8}") = "Core", "Core", "{CEC9487D-1A6C-4A69-9E2E-AF8E7FD9141A}"
EndProject
Project("{2150E333-8FDC-42A3-9474-1A3956D46DE8}") = "Infrastructure", "Infrastructure", "{B6395733-195C-406E-AB6F-53317F75CF31}"
EndProject
Project("{2150E333-8FDC-42A3-9474-1A3956D46DE8}") = "Presentation", "Presentation", "{EE71874E-2B03-4E71-85FD-ADD1A4B63393}"
EndProject
Project("{9A19103F-16F7-4668-BE54-9A1E7A4F7556}") = "Domain", "Src\Domain\Domain.csproj", "{E27A3175-48A0-4C85-99C5-7236759A0150}"
EndProject
Project("{9A19103F-16F7-4668-BE54-9A1E7A4F7556}") = "Application", "Src\Application\Application.csproj", "{9C13C416-F886-4073-9CE6-F26F32EDC169}"
EndProject
Project("{9A19103F-16F7-4668-BE54-9A1E7A4F7556}") = "WebUI", "Src\WebUI\WebUI.csproj", "{264BD121-E3C2-4CF8-9C37-1A332F4AC925}"
EndProject
Project("{9A19103F-16F7-4668-BE54-9A1E7A4F7556}") = "Persistence", "Src\Persistence\Persistence.csproj", "{E6BEA6BA-2F4C-488D-AFBF-4091CFE2A23E}"
EndProject
Project("{FAE04EC0-301F-11D3-BF4B-00C04F79EFBC}") = "Infrastructure", "Src\Infrastructure\Infrastructure.csproj", "{E2C3BD87-D9B1-41EB-9496-9ECFB32E6EB3}"
EndProject
Global
	GlobalSection(SolutionConfigurationPlatforms) = preSolution
		Debug|Any CPU = Debug|Any CPU
		Release|Any CPU = Release|Any CPU
	EndGlobalSection
	GlobalSection(ProjectConfigurationPlatforms) = postSolution
		{E27A3175-48A0-4C85-99C5-7236759A0150}.Debug|Any CPU.ActiveCfg = Debug|Any CPU
		{E27A3175-48A0-4C85-99C5-7236759A0150}.Debug|Any CPU.Build.0 = Debug|Any CPU
		{E27A3175-48A0-4C85-99C5-7236759A0150}.Release|Any CPU.ActiveCfg = Release|Any CPU
		{E27A3175-48A0-4C85-99C5-7236759A0150}.Release|Any CPU.Build.0 = Release|Any CPU
		{9C13C416-F886-4073-9CE6-F26F32EDC169}.Debug|Any CPU.ActiveCfg = Debug|Any CPU
		{9C13C416-F886-4073-9CE6-F26F32EDC169}.Debug|Any CPU.Build.0 = Debug|Any CPU
		{9C13C416-F886-4073-9CE6-F26F32EDC169}.Release|Any CPU.ActiveCfg = Release|Any CPU
		{9C13C416-F886-4073-9CE6-F26F32EDC169}.Release|Any CPU.Build.0 = Release|Any CPU
		{264BD121-E3C2-4CF8-9C37-1A332F4AC925}.Debug|Any CPU.ActiveCfg = Debug|Any CPU
		{264BD121-E3C2-4CF8-9C37-1A332F4AC925}.Debug|Any CPU.Build.0 = Debug|Any CPU
		{264BD121-E3C2-4CF8-9C37-1A332F4AC925}.Release|Any CPU.ActiveCfg = Release|Any CPU
		{264BD121-E3C2-4CF8-9C37-1A332F4AC925}.Release|Any CPU.Build.0 = Release|Any CPU
		{E6BEA6BA-2F4C-488D-AFBF-4091CFE2A23E}.Debug|Any CPU.ActiveCfg = Debug|Any CPU
		{E6BEA6BA-2F4C-488D-AFBF-4091CFE2A23E}.Debug|Any CPU.Build.0 = Debug|Any CPU
		{E6BEA6BA-2F4C-488D-AFBF-4091CFE2A23E}.Release|Any CPU.ActiveCfg = Release|Any CPU
		{E6BEA6BA-2F4C-488D-AFBF-4091CFE2A23E}.Release|Any CPU.Build.0 = Release|Any CPU
		{E2C3BD87-D9B1-41EB-9496-9ECFB32E6EB3}.Debug|Any CPU.ActiveCfg = Debug|Any CPU
		{E2C3BD87-D9B1-41EB-9496-9ECFB32E6EB3}.Debug|Any CPU.Build.0 = Debug|Any CPU
		{E2C3BD87-D9B1-41EB-9496-9ECFB32E6EB3}.Release|Any CPU.ActiveCfg = Release|Any CPU
		{E2C3BD87-D9B1-41EB-9496-9ECFB32E6EB3}.Release|Any CPU.Build.0 = Release|Any CPU
	EndGlobalSection
	GlobalSection(SolutionProperties) = preSolution
		HideSolutionNode = FALSE
	EndGlobalSection
	GlobalSection(NestedProjects) = preSolution
		{CEC9487D-1A6C-4A69-9E2E-AF8E7FD9141A} = {DAE4CB11-7BE6-4F49-A995-2AB842C98050}
		{B6395733-195C-406E-AB6F-53317F75CF31} = {DAE4CB11-7BE6-4F49-A995-2AB842C98050}
		{EE71874E-2B03-4E71-85FD-ADD1A4B63393} = {DAE4CB11-7BE6-4F49-A995-2AB842C98050}
		{E27A3175-48A0-4C85-99C5-7236759A0150} = {CEC9487D-1A6C-4A69-9E2E-AF8E7FD9141A}
		{9C13C416-F886-4073-9CE6-F26F32EDC169} = {CEC9487D-1A6C-4A69-9E2E-AF8E7FD9141A}
		{264BD121-E3C2-4CF8-9C37-1A332F4AC925} = {EE71874E-2B03-4E71-85FD-ADD1A4B63393}
		{E6BEA6BA-2F4C-488D-AFBF-4091CFE2A23E} = {B6395733-195C-406E-AB6F-53317F75CF31}
		{E2C3BD87-D9B1-41EB-9496-9ECFB32E6EB3} = {B6395733-195C-406E-AB6F-53317F75CF31}
	EndGlobalSection
	GlobalSection(ExtensibilityGlobals) = postSolution
		SolutionGuid = {52E6C841-A876-4EAB-8E22-43904158DFE8}
	EndGlobalSection
EndGlobal
