
Microsoft Visual Studio Solution File, Format Version 12.00
# Visual Studio Version 16
VisualStudioVersion = 16.0.32407.337
MinimumVisualStudioVersion = 10.0.40219.1
Project("{2150E333-8FDC-42A3-9474-1A3956D46DE8}") = "Src", "Src", "{DAE4CB11-7BE6-4F49-A995-2AB842C98050}"
EndProject
Project("{2150E333-8FDC-42A3-9474-1A3956D46DE8}") = "Core", "Core", "{CEC9487D-1A6C-4A69-9E2E-AF8E7FD9141A}"
EndProject
Project("{2150E333-8FDC-42A3-9474-1A3956D46DE8}") = "Infrastructure", "Infrastructure", "{B6395733-195C-406E-AB6F-53317F75CF31}"
EndProject
Project("{2150E333-8FDC-42A3-9474-1A3956D46DE8}") = "Presentation", "Presentation", "{EE71874E-2B03-4E71-85FD-ADD1A4B63393}"
EndProject
Project("{9A19103F-16F7-4668-BE54-9A1E7A4F7556}") = "WebUI", "WebUI\WebUI.csproj", "{1ED59540-8B74-491D-94AB-438AF82505EE}"
EndProject
Project("{FAE04EC0-301F-11D3-BF4B-00C04F79EFBC}") = "Domain", "Domain\Domain.csproj", "{C327342F-B3EB-4749-8CDA-F6CA0B896C02}"
EndProject
Global
	GlobalSection(SolutionConfigurationPlatforms) = preSolution
		Debug|Any CPU = Debug|Any CPU
		Release|Any CPU = Release|Any CPU
	EndGlobalSection
	GlobalSection(ProjectConfigurationPlatforms) = postSolution
		{1ED59540-8B74-491D-94AB-438AF82505EE}.Debug|Any CPU.ActiveCfg = Debug|Any CPU
		{1ED59540-8B74-491D-94AB-438AF82505EE}.Debug|Any CPU.Build.0 = Debug|Any CPU
		{1ED59540-8B74-491D-94AB-438AF82505EE}.Release|Any CPU.ActiveCfg = Release|Any CPU
		{1ED59540-8B74-491D-94AB-438AF82505EE}.Release|Any CPU.Build.0 = Release|Any CPU
		{C327342F-B3EB-4749-8CDA-F6CA0B896C02}.Debug|Any CPU.ActiveCfg = Debug|Any CPU
		{C327342F-B3EB-4749-8CDA-F6CA0B896C02}.Debug|Any CPU.Build.0 = Debug|Any CPU
		{C327342F-B3EB-4749-8CDA-F6CA0B896C02}.Release|Any CPU.ActiveCfg = Release|Any CPU
		{C327342F-B3EB-4749-8CDA-F6CA0B896C02}.Release|Any CPU.Build.0 = Release|Any CPU
	EndGlobalSection
	GlobalSection(SolutionProperties) = preSolution
		HideSolutionNode = FALSE
	EndGlobalSection
	GlobalSection(NestedProjects) = preSolution
		{CEC9487D-1A6C-4A69-9E2E-AF8E7FD9141A} = {DAE4CB11-7BE6-4F49-A995-2AB842C98050}
		{B6395733-195C-406E-AB6F-53317F75CF31} = {DAE4CB11-7BE6-4F49-A995-2AB842C98050}
		{EE71874E-2B03-4E71-85FD-ADD1A4B63393} = {DAE4CB11-7BE6-4F49-A995-2AB842C98050}
		{1ED59540-8B74-491D-94AB-438AF82505EE} = {EE71874E-2B03-4E71-85FD-ADD1A4B63393}
		{C327342F-B3EB-4749-8CDA-F6CA0B896C02} = {CEC9487D-1A6C-4A69-9E2E-AF8E7FD9141A}
	EndGlobalSection
	GlobalSection(ExtensibilityGlobals) = postSolution
		SolutionGuid = {52E6C841-A876-4EAB-8E22-43904158DFE8}
	EndGlobalSection
EndGlobal
